{
    "name": "github-oauth-lambda",
    "version": "1.0.0",
    "lockfileVersion": 3,
    "requires": true,
    "packages": {
        "": {
            "name": "github-oauth-lambda",
            "version": "1.0.0",
            "dependencies": {
                "@aws-sdk/client-secrets-manager": "^3.0.0",
                "axios": "^1.6.0"
            },
            "devDependencies": {
                "@types/aws-lambda": "^8.10.0",
                "@types/node": "^22.0.0",
                "typescript": "^5.0.0"
            }
        },
        "node_modules/@aws-sdk/client-secrets-manager": {
            "version": "3.1106.0",
            "resolved": "https://registry.npmjs.org/@aws-sdk/client-secrets-manager/-/client-secrets-manager-3.1106.0.tgz",
            "integrity": "sha512-tw2Wgn2U5JL8vPgyPfgPOOmz850+pB441EXEliAftVrBGMEV02ZgTvoGVHR2/DvCvtMl+UOLgxI2M76ZEiyLSg==",
            "license": "Apache-2.0",
            "dependencies": {
                "@aws-sdk/core": "^3.977.6",
                "@aws-sdk/credential-provider-node": "^3.972.78",
                "@aws-sdk/types": "^3.974.2",
                "@smithy/core": "^3.31.1",
                "@smithy/fetch-http-handler": "^5.6.13",
                "@smithy/node-http-handler": "^4.9.13",
                "@smithy/types": "^4.16.1",
                "tslib": "^2.6.2"
            },
            "engines": {
                "node": ">=20.0.0"
            }
        },
        "node_modules/@aws-sdk/core": {
            "version": "3.977.6",
            "resolved": "https://registry.npmjs.org/@aws-sdk/core/-/core-3.977.6.tgz",
            "integrity": "sha512-QiaJV4/zDrB4ZY2mfeSXSzSTc36W16sZXcGz+SPFk0CJ26gziO0cS+4LjJUMAbdeeBOvS0k0Aq1cZpfGdUXxSw==",
            "license": "Apache-2.0",
            "dependencies": {
                "@aws-sdk/types": "^3.974.2",
                "@aws-sdk/xml-builder": "^3.972.37",
                "@aws/lambda-invoke-store": "^0.3.0",
                "@smithy/core": "^3.31.1",
                "@smithy/signature-v4": "^5.6.12",
                "@smithy/types": "^4.16.1",
                "bowser": "^2.11.0",
                "tslib": "^2.6.2"
            },
            "engines": {
                "node": ">=20.0.0"
            }
        },
        "node_modules/@aws-sdk/credential-provider-env": {
            "version": "3.972.67",
            "resolved": "https://registry.npmjs.org/@aws-sdk/credential-provider-env/-/credential-provider-env-3.972.67.tgz",
            "integrity": "sha512-rcIpk5kxUqDaaNa6Xk23pQ6ViY7jlqzmfFWCahQcBT97ddXaXYYwzCen9Tz1Jvo6aJft6wDl5bN44/Jw5B4oLA==",
            "license": "Apache-2.0",
            "dependencies": {
                "@aws-sdk/core": "^3.977.6",
                "@aws-sdk/types": "^3.974.2",
                "@smithy/core": "^3.31.1",
                "@smithy/types": "^4.16.1",
                "tslib": "^2.6.2"
            },
            "engines": {
                "node": ">=20.0.0"
            }
        },
        "node_modules/@aws-sdk/credential-provider-http": {
            "version": "3.972.69",
            "resolved": "https://registry.npmjs.org/@aws-sdk/credential-provider-http/-/credential-provider-http-3.972.69.tgz",
            "integrity": "sha512-nggwJtZ4eeNsUw5IeWBMXsi1ryct5idi0K+/SCRF3kybLubOMaNTb3XCihXpWMiVpyzyPeIrl0zTkzhBH9porA==",
            "license": "Apache-2.0",
            "dependencies": {
                "@aws-sdk/core": "^3.977.6",
                "@aws-sdk/types": "^3.974.2",
                "@smithy/core": "^3.31.1",
                "@smithy/fetch-http-handler": "^5.6.13",
                "@smithy/node-http-handler": "^4.9.13",
                "@smithy/types": "^4.16.1",
                "tslib": "^2.6.2"
            },
            "engines": {
                "node": ">=20.0.0"
            }
        },
        "node_modules/@aws-sdk/credential-provider-ini": {
            "version": "3.973.12",
            "resolved": "https://registry.npmjs.org/@aws-sdk/credential-provider-ini/-/credential-provider-ini-3.973.12.tgz",
            "integrity": "sha512-pNEf/OeyN5X3VmLKlgSO6TqaWmW10CvI3TfwL1XhsuhYjSLT2VDaxFnCPHnOeQXSaFisMX4jNhpETriqN8DOmg==",
            "license": "Apache-2.0",
            "dependencies": {
                "@aws-sdk/core": "^3.977.6",
                "@aws-sdk/credential-provider-env": "^3.972.67",
                "@aws-sdk/credential-provider-http": "^3.972.69",
                "@aws-sdk/credential-provider-login": "^3.972.74",
                "@aws-sdk/credential-provider-process": "^3.972.67",
                "@aws-sdk/credential-provider-sso": "^3.973.11",
                "@aws-sdk/credential-provider-web-identity": "^3.972.73",
                "@aws-sdk/nested-clients": "^3.997.41",
                "@aws-sdk/types": "^3.974.2",
                "@smithy/core": "^3.31.1",
                "@smithy/credential-provider-imds": "^4.4.16",
                "@smithy/types": "^4.16.1",
                "tslib": "^2.6.2"
            },
            "engines": {
                "node": ">=20.0.0"
            }
        },
        "node_modules/@aws-sdk/credential-provider-login": {
            "version": "3.972.74",
            "resolved": "https://registry.npmjs.org/@aws-sdk/credential-provider-login/-/credential-provider-login-3.972.74.tgz",
            "integrity": "sha512-0AQfDcf99TNmqVKv0owHrw/TQs6i4ZE5t9qmz6NvO53bE/sA/tpXhXL9AAcEP1qHc6Zzjd1UMb69+/9zdhvY3g==",
            "license": "Apache-2.0",
            "dependencies": {
                "@aws-sdk/core": "^3.977.6",
                "@aws-sdk/nested-clients": "^3.997.41",
                "@aws-sdk/types": "^3.974.2",
                "@smithy/core": "^3.31.1",
                "@smithy/types": "^4.16.1",
                "tslib": "^2.6.2"
            },
            "engines": {
                "node": ">=20.0.0"
            }
        },
        "node_modules/@aws-sdk/credential-provider-node": {
            "version": "3.972.78",
            "resolved": "https://registry.npmjs.org/@aws-sdk/credential-provider-node/-/credential-provider-node-3.972.78.tgz",
            "integrity": "sha512-OgPAnfvbGAMWac6yvxJ1ihslrvDpPVwR68D2csospdNCCyPvHk9JLzYKwz48SNiS1T2znDwHauywRKRFfpyYng==",
            "license": "Apache-2.0",
            "dependencies": {
                "@aws-sdk/credential-provider-env": "^3.972.67",
                "@aws-sdk/credential-provider-http": "^3.972.69",
                "@aws-sdk/credential-provider-ini": "^3.973.12",
                "@aws-sdk/credential-provider-process": "^3.972.67",
                "@aws-sdk/credential-provider-sso": "^3.973.11",
                "@aws-sdk/credential-provider-web-identity": "^3.972.73",
                "@aws-sdk/types": "^3.974.2",
                "@smithy/core": "^3.31.1",
                "@smithy/credential-provider-imds": "^4.4.16",
                "@smithy/types": "^4.16.1",
                "tslib": "^2.6.2"
            },
            "engines": {
                "node": ">=20.0.0"
            }
        },
        "node_modules/@aws-sdk/credential-provider-process": {
            "version": "3.972.67",
            "resolved": "https://registry.npmjs.org/@aws-sdk/credential-provider-process/-/credential-provider-process-3.972.67.tgz",
            "integrity": "sha512-IlUEejorGTWKb4/Dm7K5Yw4QxUmXLThLhrvBmzVBqZFTbW72cv9LTcITmo1dsnYriALE4h68mOq4LB99x6sQ7Q==",
            "license": "Apache-2.0",
            "dependencies": {
                "@aws-sdk/core": "^3.977.6",
                "@aws-sdk/types": "^3.974.2",
                "@smithy/core": "^3.31.1",
                "@smithy/types": "^4.16.1",
                "tslib": "^2.6.2"
            },
            "engines": {
                "node": ">=20.0.0"
            }
        },
        "node_modules/@aws-sdk/credential-provider-sso": {
            "version": "3.973.11",
            "resolved": "https://registry.npmjs.org/@aws-sdk/credential-provider-sso/-/credential-provider-sso-3.973.11.tgz",
            "integrity": "sha512-gAQBkBZxUB84d71+pPcI9L+jh2ujhuAVxc/4FgGiWFDjkPBlMKxzd5XDtkSXTFX8Ro7ansnT88+XadasxMeCRw==",
            "license": "Apache-2.0",
            "dependencies": {
                "@aws-sdk/core": "^3.977.6",
                "@aws-sdk/nested-clients": "^3.997.41",
                "@aws-sdk/token-providers": "3.1103.0",
                "@aws-sdk/types": "^3.974.2",
                "@smithy/core": "^3.31.1",
                "@smithy/types": "^4.16.1",
                "tslib": "^2.6.2"
            },
            "engines": {
                "node": ">=20.0.0"
            }
        },
        "node_modules/@aws-sdk/credential-provider-web-identity": {
            "version": "3.972.73",
            "resolved": "https://registry.npmjs.org/@aws-sdk/credential-provider-web-identity/-/credential-provider-web-identity-3.972.73.tgz",
            "integrity": "sha512-SnlEmQa6SjOgs6iOPLUQl1Eyq4AKiAdPQlkOhFhqNfDtDCwibMGvL6QlkSmf3o6vAUSImzdPCxowT5dfQUZP1A==",
            "license": "Apache-2.0",
            "dependencies": {
                "@aws-sdk/core": "^3.977.6",
                "@aws-sdk/nested-clients": "^3.997.41",
                "@aws-sdk/types": "^3.974.2",
                "@smithy/core": "^3.31.1",
                "@smithy/types": "^4.16.1",
                "tslib": "^2.6.2"
            },
            "engines": {
                "node": ">=20.0.0"
            }
        },
        "node_modules/@aws-sdk/nested-clients": {
            "version": "3.997.41",
            "resolved": "https://registry.npmjs.org/@aws-sdk/nested-clients/-/nested-clients-3.997.41.tgz",
            "integrity": "sha512-RDHqPGQWlF6tatA/Tp3rg6oIwtgN9IVderxE+9av2Y93Dfyu+mO1hZ5Bu2jpfZg2rwdNbsssnwM+sLafIczMlQ==",
            "license": "Apache-2.0",
            "dependencies": {
                "@aws-sdk/core": "^3.977.6",
                "@aws-sdk/signature-v4-multi-region": "^3.996.43",
                "@aws-sdk/types": "^3.974.2",
                "@smithy/core": "^3.31.1",
                "@smithy/fetch-http-handler": "^5.6.13",
                "@smithy/node-http-handler": "^4.9.13",
                "@smithy/types": "^4.16.1",
                "tslib": "^2.6.2"
            },
            "engines": {
                "node": ">=20.0.0"
            }
        },
        "node_modules/@aws-sdk/signature-v4-multi-region": {
            "version": "3.996.43",
            "resolved": "https://registry.npmjs.org/@aws-sdk/signature-v4-multi-region/-/signature-v4-multi-region-3.996.43.tgz",
            "integrity": "sha512-lKekx8bLBXSv4O+cslk9Zfnw2XKSkWBs3uWL5QGhH2ZAQfNS7FE0vcSSN2vD/AhxX54ZTywWxR4STThoeOXlBA==",
            "license": "Apache-2.0",
            "dependencies": {
                "@aws-sdk/types": "^3.974.2",
                "@smithy/signature-v4": "^5.6.12",
                "@smithy/types": "^4.16.1",
                "tslib": "^2.6.2"
            },
            "engines": {
                "node": ">=20.0.0"
            }
        },
        "node_modules/@aws-sdk/token-providers": {
            "version": "3.1103.0",
            "resolved": "https://registry.npmjs.org/@aws-sdk/token-providers/-/token-providers-3.1103.0.tgz",
            "integrity": "sha512-N4wy26MNn31ItGVHYHPrEuCIFY4MBBjC+C5v1lJKqIUSA7OZBdhleCY53zCCrXn27hsk7YNOaTuhQu807S4AfQ==",
            "license": "Apache-2.0",
            "dependencies": {
                "@aws-sdk/core": "^3.977.6",
                "@aws-sdk/nested-clients": "^3.997.41",
                "@aws-sdk/types": "^3.974.2",
                "@smithy/core": "^3.31.1",
                "@smithy/types": "^4.16.1",
                "tslib": "^2.6.2"
            },
            "engines": {
                "node": ">=20.0.0"
            }
        },
        "node_modules/@aws-sdk/types": {
            "version": "3.974.2",
            "resolved": "https://registry.npmjs.org/@aws-sdk/types/-/types-3.974.2.tgz",
            "integrity": "sha512-3W6IUtSxFbH6X7Wb7DzGCV5QiFQsd0g8bOfntpmDxQlzBoKWUMBu/JPQR0DwkE+Hpnxd6db1tXbOwdeHddG6cA==",
            "license": "Apache-2.0",
            "dependencies": {
                "@smithy/types": "^4.16.1",
                "tslib": "^2.6.2"
            },
            "engines": {
                "node": ">=20.0.0"
            }
        },
        "node_modules/@aws-sdk/xml-builder": {
            "version": "3.972.37",
            "resolved": "https://registry.npmjs.org/@aws-sdk/xml-builder/-/xml-builder-3.972.37.tgz",
            "integrity": "sha512-zKq4HQum8JwDyEuyfuI4bbiAcU0KxP6qy+9PR/IsR92IyE/DaBAikzAS50tjxip4bqIIANpCcG+Yyj6CVhXupg==",
            "license": "Apache-2.0",
            "dependencies": {
                "@smithy/types": "^4.16.1",
                "tslib": "^2.6.2"
            },
            "engines": {
                "node": ">=20.0.0"
            }
        },
        "node_modules/@aws/lambda-invoke-store": {
            "version": "0.3.0",
            "resolved": "https://registry.npmjs.org/@aws/lambda-invoke-store/-/lambda-invoke-store-0.3.0.tgz",
            "integrity": "sha512-sl4Bm6yiMNYrZKkqqDFWN0UfnWhlS8ivKxrYl+6t0gCLrqr8y3B2IqZZbFRkfaVVp7C/baApyh71P+LeE1A2sQ==",
            "license": "Apache-2.0",
            "engines": {
                "node": ">=18.0.0"
            }
        },
        "node_modules/@smithy/core": {
            "version": "3.31.1",
            "resolved": "https://registry.npmjs.org/@smithy/core/-/core-3.31.1.tgz",
            "integrity": "sha512-CyogUINxvi7C7LDsh8Syo6hVJOT9ckz4rG8dRZfTJ8r91HkMY59PnNooaj7WcHyxEkxPfBAmbgztZU+xTo76lg==",
            "license": "Apache-2.0",
            "dependencies": {
                "@smithy/types": "^4.16.1",
                "tslib": "^2.6.2"
            },
            "engines": {
                "node": ">=18.0.0"
            }
        },
        "node_modules/@smithy/credential-provider-imds": {
            "version": "4.4.16",
            "resolved": "https://registry.npmjs.org/@smithy/credential-provider-imds/-/credential-provider-imds-4.4.16.tgz",
            "integrity": "sha512-QfuLWAkLzptffFW980AFeHZFdqds2B64rpEd3uJ6lgs3xVn9QegGMUgUcj+4d7dRrAsya3r58ZKpku97WcFb4w==",
            "license": "Apache-2.0",
            "dependencies": {
                "@smithy/core": "^3.31.1",
                "@smithy/types": "^4.16.1",
                "tslib": "^2.6.2"
            },
            "engines": {
                "node": ">=18.0.0"
            }
        },
        "node_modules/@smithy/fetch-http-handler": {
            "version": "5.6.13",
            "resolved": "https://registry.npmjs.org/@smithy/fetch-http-handler/-/fetch-http-handler-5.6.13.tgz",
            "integrity": "sha512-4fW86pEUOMbrD5nkbyl/tTvPHHWJFbuB2odl6ps9lWfHoXf9HWh3Q/Smh59qH1g7+c/BSZghX6bbUk4gsiMs8A==",
            "license": "Apache-2.0",
            "dependencies": {
                "@smithy/core": "^3.31.1",
                "@smithy/types": "^4.16.1",
                "tslib": "^2.6.2"
            },
            "engines": {
                "node": ">=18.0.0"
            }
        },
        "node_modules/@smithy/node-http-handler": {
            "version": "4.9.13",
            "resolved": "https://registry.npmjs.org/@smithy/node-http-handler/-/node-http-handler-4.9.13.tgz",
            "integrity": "sha512-Nmd/Nl35zfYrd+a6OO2cDJb3GPh9bgTjIUhcM+JFfjpp8/osCgboDV5nCT1I01Pv6R13eSKDKLSoVa5ZB6Zsfw==",
            "license": "Apache-2.0",
            "dependencies": {
                "@smithy/core": "^3.31.1",
                "@smithy/types": "^4.16.1",
                "tslib": "^2.6.2"
            },
            "engines": {
                "node": ">=18.0.0"
            }
        },
        "node_modules/@smithy/signature-v4": {
            "version": "5.6.12",
            "resolved": "https://registry.npmjs.org/@smithy/signature-v4/-/signature-v4-5.6.12.tgz",
            "integrity": "sha512-I6KLtq3H0qqSuV9vLglfi8puHqzygzWHOnI4z/Rdoo+q50vvo18vBRdPAvvEtcaKROz7Zn6qnPa14kRfPH6PcQ==",
            "license": "Apache-2.0",
            "dependencies": {
                "@smithy/core": "^3.31.1",
                "@smithy/types": "^4.16.1",
                "tslib": "^2.6.2"
            },
            "engines": {
                "node": ">=18.0.0"
            }
        },
        "node_modules/@smithy/types": {
            "version": "4.16.1",
            "resolved": "https://registry.npmjs.org/@smithy/types/-/types-4.16.1.tgz",
            "integrity": "sha512-0JFs3V2y2M9tKW5na/qxe69Zv+uxLMO7QBbhxF/FHu/Gp2NFZAAL9tWl9PU02xxo07pb3G9FTyjNc6D5uZrJIg==",
            "license": "Apache-2.0",
            "dependencies": {
                "tslib": "^2.6.2"
            },
            "engines": {
                "node": ">=18.0.0"
            }
        },
        "node_modules/@types/aws-lambda": {
            "version": "8.10.158",
            "resolved": "https://registry.npmjs.org/@types/aws-lambda/-/aws-lambda-8.10.158.tgz",
            "integrity": "sha512-v/n2WsL1ksRKigfqZ9ff7ANobfT3t/T8kI8UOiur98tREwFulv9lRv+pDrocGPWOe3DpD2Y2GKRO+OiyxwgaCQ==",
            "dev": true,
            "license": "MIT"
        },
        "node_modules/@types/node": {
            "version": "22.19.1",
            "resolved": "https://registry.npmjs.org/@types/node/-/node-22.19.1.tgz",
            "integrity": "sha512-LCCV0HdSZZZb34qifBsyWlUmok6W7ouER+oQIGBScS8EsZsQbrtFTUrDX4hOl+CS6p7cnNC4td+qrSVGSCTUfQ==",
            "dev": true,
            "license": "MIT",
            "dependencies": {
                "undici-types": "~6.21.0"
            }
        },
        "node_modules/agent-base": {
            "version": "6.0.2",
            "resolved": "https://registry.npmjs.org/agent-base/-/agent-base-6.0.2.tgz",
            "integrity": "sha512-RZNwNclF7+MS/8bDg70amg32dyeZGZxiDuQmZxKLAlQjr3jGyLx+4Kkk58UO7D2QdgFIQCovuSuZESne6RG6XQ==",
            "license": "MIT",
            "dependencies": {
                "debug": "4"
            },
            "engines": {
                "node": ">= 6.0.0"
            }
        },
        "node_modules/asynckit": {
            "version": "0.4.0",
            "resolved": "https://registry.npmjs.org/asynckit/-/asynckit-0.4.0.tgz",
            "integrity": "sha512-Oei9OH4tRh0YqU3GxhX79dM/mwVgvbZJaSNaRk+bshkj0S5cfHcgYakreBjrHwatXKbz+IoIdYLxrKim2MjW0Q==",
            "license": "MIT"
        },
        "node_modules/axios": {
            "version": "1.19.0",
            "resolved": "https://registry.npmjs.org/axios/-/axios-1.19.0.tgz",
            "integrity": "sha512-ht/iuYZXEjFxLH/Hkezgd7m6JKlHHXEUSneaDz8uZe1Gj5QZtCnpyDsckvAiEnT89OEbCLmnte4R4sn7P0EKFw==",
            "license": "MIT",
            "dependencies": {
                "follow-redirects": "^1.16.0",
                "form-data": "^4.0.6",
                "https-proxy-agent": "^5.0.1",
                "proxy-from-env": "^2.1.0"
            }
        },
        "node_modules/bowser": {
            "version": "2.14.1",
            "resolved": "https://registry.npmjs.org/bowser/-/bowser-2.14.1.tgz",
            "integrity": "sha512-tzPjzCxygAKWFOJP011oxFHs57HzIhOEracIgAePE4pqB3LikALKnSzUyU4MGs9/iCEUuHlAJTjTc5M+u7YEGg==",
            "license": "MIT"
        },
        "node_modules/call-bind-apply-helpers": {
            "version": "1.0.2",
            "resolved": "https://registry.npmjs.org/call-bind-apply-helpers/-/call-bind-apply-helpers-1.0.2.tgz",
            "integrity": "sha512-Sp1ablJ0ivDkSzjcaJdxEunN5/XvksFJ2sMBFfq6x0ryhQV/2b/KwFe21cMpmHtPOSij8K99/wSfoEuTObmuMQ==",
            "license": "MIT",
            "dependencies": {
                "es-errors": "^1.3.0",
                "function-bind": "^1.1.2"
            },
            "engines": {
                "node": ">= 0.4"
            }
        },
        "node_modules/combined-stream": {
            "version": "1.0.8",
            "resolved": "https://registry.npmjs.org/combined-stream/-/combined-stream-1.0.8.tgz",
            "integrity": "sha512-FQN4MRfuJeHf7cBbBMJFXhKSDq+2kAArBlmRBvcvFE5BB1HZKXtSFASDhdlz9zOYwxh8lDdnvmMOe/+5cdoEdg==",
            "license": "MIT",
            "dependencies": {
                "delayed-stream": "~1.0.0"
            },
            "engines": {
                "node": ">= 0.8"
            }
        },
        "node_modules/debug": {
            "version": "4.4.3",
            "resolved": "https://registry.npmjs.org/debug/-/debug-4.4.3.tgz",
            "integrity": "sha512-RGwwWnwQvkVfavKVt22FGLw+xYSdzARwm0ru6DhTVA3umU5hZc28V3kO4stgYryrTlLpuvgI9GiijltAjNbcqA==",
            "license": "MIT",
            "dependencies": {
                "ms": "^2.1.3"
            },
            "engines": {
                "node": ">=6.0"
            },
            "peerDependenciesMeta": {
                "supports-color": {
                    "optional": true
                }
            }
        },
        "node_modules/delayed-stream": {
            "version": "1.0.0",
            "resolved": "https://registry.npmjs.org/delayed-stream/-/delayed-stream-1.0.0.tgz",
            "integrity": "sha512-ZySD7Nf91aLB0RxL4KGrKHBXl7Eds1DAmEdcoVawXnLD7SDhpNgtuII2aAkg7a7QS41jxPSZ17p4VdGnMHk3MQ==",
            "license": "MIT",
            "engines": {
                "node": ">=0.4.0"
            }
        },
        "node_modules/dunder-proto": {
            "version": "1.0.1",
            "resolved": "https://registry.npmjs.org/dunder-proto/-/dunder-proto-1.0.1.tgz",
            "integrity": "sha512-KIN/nDJBQRcXw0MLVhZE9iQHmG68qAVIBg9CqmUYjmQIhgij9U5MFvrqkUL5FbtyyzZuOeOt0zdeRe4UY7ct+A==",
            "license": "MIT",
            "dependencies": {
                "call-bind-apply-helpers": "^1.0.1",
                "es-errors": "^1.3.0",
                "gopd": "^1.2.0"
            },
            "engines": {
                "node": ">= 0.4"
            }
        },
        "node_modules/es-define-property": {
            "version": "1.0.1",
            "resolved": "https://registry.npmjs.org/es-define-property/-/es-define-property-1.0.1.tgz",
            "integrity": "sha512-e3nRfgfUZ4rNGL232gUgX06QNyyez04KdjFrF+LTRoOXmrOgFKDg4BCdsjW8EnT69eqdYGmRpJwiPVYNrCaW3g==",
            "license": "MIT",
            "engines": {
                "node": ">= 0.4"
            }
        },
        "node_modules/es-errors": {
            "version": "1.3.0",
            "resolved": "https://registry.npmjs.org/es-errors/-/es-errors-1.3.0.tgz",
            "integrity": "sha512-Zf5H2Kxt2xjTvbJvP2ZWLEICxA6j+hAmMzIlypy4xcBg1vKVnx89Wy0GbS+kf5cwCVFFzdCFh2XSCFNULS6csw==",
            "license": "MIT",
            "engines": {
                "node": ">= 0.4"
            }
        },
        "node_modules/es-object-atoms": {
            "version": "1.1.2",
            "resolved": "https://registry.npmjs.org/es-object-atoms/-/es-object-atoms-1.1.2.tgz",
            "integrity": "sha512-HWcBoN6NileqtSydK2FqHbS/LoDd2pqrnQHLyJzBj4kOp/ky2MWMN694xOfkK8/SnUsW2DH7EfyVlydKCsm1Zw==",
            "license": "MIT",
            "dependencies": {
                "es-errors": "^1.3.0"
            },
            "engines": {
                "node": ">= 0.4"
            }
        },
        "node_modules/es-set-tostringtag": {
            "version": "2.1.0",
            "resolved": "https://registry.npmjs.org/es-set-tostringtag/-/es-set-tostringtag-2.1.0.tgz",
            "integrity": "sha512-j6vWzfrGVfyXxge+O0x5sh6cvxAog0a/4Rdd2K36zCMV5eJ+/+tOAngRO8cODMNWbVRdVlmGZQL2YS3yR8bIUA==",
            "license": "MIT",
            "dependencies": {
                "es-errors": "^1.3.0",
                "get-intrinsic": "^1.2.6",
                "has-tostringtag": "^1.0.2",
                "hasown": "^2.0.2"
            },
            "engines": {
                "node": ">= 0.4"
            }
        },
        "node_modules/follow-redirects": {
            "version": "1.16.0",
            "resolved": "https://registry.npmjs.org/follow-redirects/-/follow-redirects-1.16.0.tgz",
            "integrity": "sha512-y5rN/uOsadFT/JfYwhxRS5R7Qce+g3zG97+JrtFZlC9klX/W5hD7iiLzScI4nZqUS7DNUdhPgw4xI8W2LuXlUw==",
            "funding": [
                {
                    "type": "individual",
                    "url": "https://github.com/sponsors/RubenVerborgh"
                }
            ],
            "license": "MIT",
            "engines": {
                "node": ">=4.0"
            },
            "peerDependenciesMeta": {
                "debug": {
                    "optional": true
                }
            }
        },
        "node_modules/form-data": {
            "version": "4.0.6",
            "resolved": "https://registry.npmjs.org/form-data/-/form-data-4.0.6.tgz",
            "integrity": "sha512-vKatAh4SlVfgbv+YtmhiRjhEMJsYpsG1Y2rMQtR+SVSbytsSD1YGzDIcrAJmdFec88u/+VoGmxnl+80gL1tRCQ==",
            "license": "MIT",
            "dependencies": {
                "asynckit": "^0.4.0",
                "combined-stream": "^1.0.8",
                "es-set-tostringtag": "^2.1.0",
                "hasown": "^2.0.4",
                "mime-types": "^2.1.35"
            },
            "engines": {
                "node": ">= 6"
            }
        },
        "node_modules/function-bind": {
            "version": "1.1.2",
            "resolved": "https://registry.npmjs.org/function-bind/-/function-bind-1.1.2.tgz",
            "integrity": "sha512-7XHNxH7qX9xG5mIwxkhumTox/MIRNcOgDrxWsMt2pAr23WHp6MrRlN7FBSFpCpr+oVO0F744iUgR82nJMfG2SA==",
            "license": "MIT",
            "funding": {
                "url": "https://github.com/sponsors/ljharb"
            }
        },
        "node_modules/get-intrinsic": {
            "version": "1.3.0",
            "resolved": "https://registry.npmjs.org/get-intrinsic/-/get-intrinsic-1.3.0.tgz",
            "integrity": "sha512-9fSjSaos/fRIVIp+xSJlE6lfwhES7LNtKaCBIamHsjr2na1BiABJPo0mOjjz8GJDURarmCPGqaiVg5mfjb98CQ==",
            "license": "MIT",
            "dependencies": {
                "call-bind-apply-helpers": "^1.0.2",
                "es-define-property": "^1.0.1",
                "es-errors": "^1.3.0",
                "es-object-atoms": "^1.1.1",
                "function-bind": "^1.1.2",
                "get-proto": "^1.0.1",
                "gopd": "^1.2.0",
                "has-symbols": "^1.1.0",
                "hasown": "^2.0.2",
                "math-intrinsics": "^1.1.0"
            },
            "engines": {
                "node": ">= 0.4"
            },
            "funding": {
                "url": "https://github.com/sponsors/ljharb"
            }
        },
        "node_modules/get-proto": {
            "version": "1.0.1",
            "resolved": "https://registry.npmjs.org/get-proto/-/get-proto-1.0.1.tgz",
            "integrity": "sha512-sTSfBjoXBp89JvIKIefqw7U2CCebsc74kiY6awiGogKtoSGbgjYE/G/+l9sF3MWFPNc9IcoOC4ODfKHfxFmp0g==",
            "license": "MIT",
            "dependencies": {
                "dunder-proto": "^1.0.1",
                "es-object-atoms": "^1.0.0"
            },
            "engines": {
                "node": ">= 0.4"
            }
        },
        "node_modules/gopd": {
            "version": "1.2.0",
            "resolved": "https://registry.npmjs.org/gopd/-/gopd-1.2.0.tgz",
            "integrity": "sha512-ZUKRh6/kUFoAiTAtTYPZJ3hw9wNxx+BIBOijnlG9PnrJsCcSjs1wyyD6vJpaYtgnzDrKYRSqf3OO6Rfa93xsRg==",
            "license": "MIT",
            "engines": {
                "node": ">= 0.4"
            },
            "funding": {
                "url": "https://github.com/sponsors/ljharb"
            }
        },
        "node_modules/has-symbols": {
            "version": "1.1.0",
            "resolved": "https://registry.npmjs.org/has-symbols/-/has-symbols-1.1.0.tgz",
            "integrity": "sha512-1cDNdwJ2Jaohmb3sg4OmKaMBwuC48sYni5HUw2DvsC8LjGTLK9h+eb1X6RyuOHe4hT0ULCW68iomhjUoKUqlPQ==",
            "license": "MIT",
            "engines": {
                "node": ">= 0.4"
            },
            "funding": {
                "url": "https://github.com/sponsors/ljharb"
            }
        },
        "node_modules/has-tostringtag": {
            "version": "1.0.2",
            "resolved": "https://registry.npmjs.org/has-tostringtag/-/has-tostringtag-1.0.2.tgz",
            "integrity": "sha512-NqADB8VjPFLM2V0VvHUewwwsw0ZWBaIdgo+ieHtK3hasLz4qeCRjYcqfB6AQrBggRKppKF8L52/VqdVsO47Dlw==",
            "license": "MIT",
            "dependencies": {
                "has-symbols": "^1.0.3"
            },
            "engines": {
                "node": ">= 0.4"
            },
            "funding": {
                "url": "https://github.com/sponsors/ljharb"
            }
        },
        "node_modules/hasown": {
            "version": "2.0.4",
            "resolved": "https://registry.npmjs.org/hasown/-/hasown-2.0.4.tgz",
            "integrity": "sha512-T2UbfbBEF32wiepXIsMlTW9+dDYC6wMh/t/vYA4tuOMKqWz/n3vr1NFSxQiyP+zk2mXsoMA/i/7qV6LKut1t1A==",
            "license": "MIT",
            "dependencies": {
                "function-bind": "^1.1.2"
            },
            "engines": {
                "node": ">= 0.4"
            }
        },
        "node_modules/https-proxy-agent": {
            "version": "5.0.1",
            "resolved": "https://registry.npmjs.org/https-proxy-agent/-/https-proxy-agent-5.0.1.tgz",
            "integrity": "sha512-dFcAjpTQFgoLMzC2VwU+C/CbS7uRL0lWmxDITmqm7C+7F0Odmj6s9l6alZc6AELXhrnggM2CeWSXHGOdX2YtwA==",
            "license": "MIT",
            "dependencies": {
                "agent-base": "6",
                "debug": "4"
            },
            "engines": {
                "node": ">= 6"
            }
        },
        "node_modules/math-intrinsics": {
            "version": "1.1.0",
            "resolved": "https://registry.npmjs.org/math-intrinsics/-/math-intrinsics-1.1.0.tgz",
            "integrity": "sha512-/IXtbwEk5HTPyEwyKX6hGkYXxM9nbj64B+ilVJnC/R6B0pH5G4V3b0pVbL7DBj4tkhBAppbQUlf6F6Xl9LHu1g==",
            "license": "MIT",
            "engines": {
                "node": ">= 0.4"
            }
        },
        "node_modules/mime-db": {
            "version": "1.52.0",
            "resolved": "https://registry.npmjs.org/mime-db/-/mime-db-1.52.0.tgz",
            "integrity": "sha512-sPU4uV7dYlvtWJxwwxHD0PuihVNiE7TyAbQ5SWxDCB9mUYvOgroQOwYQQOKPJ8CIbE+1ETVlOoK1UC2nU3gYvg==",
            "license": "MIT",
            "engines": {
                "node": ">= 0.6"
            }
        },
        "node_modules/mime-types": {
            "version": "2.1.35",
            "resolved": "https://registry.npmjs.org/mime-types/-/mime-types-2.1.35.tgz",
            "integrity": "sha512-ZDY+bPm5zTTF+YpCrAU9nK0UgICYPT0QtT1NZWFv4s++TNkcgVaT0g6+4R2uI4MjQjzysHB1zxuWL50hzaeXiw==",
            "license": "MIT",
            "dependencies": {
                "mime-db": "1.52.0"
            },
            "engines": {
                "node": ">= 0.6"
            }
        },
        "node_modules/ms": {
            "version": "2.1.3",
            "resolved": "https://registry.npmjs.org/ms/-/ms-2.1.3.tgz",
            "integrity": "sha512-6FlzubTLZG3J2a/NVCAleEhjzq5oxgHyaCU9yYXvcLsvoVaHJq/s5xXI6/XXP6tz7R9xAOtHnSO/tXtF3WRTlA==",
            "license": "MIT"
        },
        "node_modules/proxy-from-env": {
            "version": "2.1.0",
            "resolved": "https://registry.npmjs.org/proxy-from-env/-/proxy-from-env-2.1.0.tgz",
            "integrity": "sha512-cJ+oHTW1VAEa8cJslgmUZrc+sjRKgAKl3Zyse6+PV38hZe/V6Z14TbCuXcan9F9ghlz4QrFr2c92TNF82UkYHA==",
            "license": "MIT",
            "engines": {
                "node": ">=10"
            }
        },
        "node_modules/tslib": {
            "version": "2.8.1",
            "resolved": "https://registry.npmjs.org/tslib/-/tslib-2.8.1.tgz",
            "integrity": "sha512-oJFu94HQb+KVduSUQL7wnpmqnfmLsOA/nAh6b6EH0wCEoK0/mPeXU6c3wKDV83MkOuHPRHtSXKKU99IBazS/2w==",
            "license": "0BSD"
        },
        "node_modules/typescript": {
            "version": "5.9.3",
            "resolved": "https://registry.npmjs.org/typescript/-/typescript-5.9.3.tgz",
            "integrity": "sha512-jl1vZzPDinLr9eUt3J/t7V6FgNEw9QjvBPdysz9KfQDD41fQrC2Y4vKQdiaUpFT4bXlb1RHhLpp8wtm6M5TgSw==",
            "dev": true,
            "license": "Apache-2.0",
            "bin": {
                "tsc": "bin/tsc",
                "tsserver": "bin/tsserver"
            },
            "engines": {
                "node": ">=14.17"
            }
        },
        "node_modules/undici-types": {
            "version": "6.21.0",
            "resolved": "https://registry.npmjs.org/undici-types/-/undici-types-6.21.0.tgz",
            "integrity": "sha512-iwDZqg0QAGrg9Rav5H4n0M64c3mkR59cJ6wQp+7C4nI0gsmExaedaYLNO44eT4AtBBwjbTiGPMlt2Md0T9H9JQ==",
            "dev": true,
            "license": "MIT"
        }
    }
}
